
Microsoft Visual Studio Solution File, Format Version 12.00
# Visual Studio Version 17
VisualStudioVersion = 17.4.33110.190
MinimumVisualStudioVersion = 10.0.40219.1
Project("{FAE04EC0-301F-11D3-BF4B-00C04F79EFBC}") = "DM_Modular_Expo", "DM_Modular_Expo.csproj", "{58AF0518-17B6-4001-8622-E0806CDE061C}"
EndProject
Global
	GlobalSection(SolutionConfigurationPlatforms) = preSolution
		Debug|Any CPU = Debug|Any CPU
		Release|Any CPU = Release|Any CPU
	EndGlobalSection
	GlobalSection(ProjectConfigurationPlatforms) = postSolution
		{58AF0518-17B6-4001-8622-E0806CDE061C}.Debug|Any CPU.ActiveCfg = Debug|Any CPU
		{58AF0518-17B6-4001-8622-E0806CDE061C}.Debug|Any CPU.Build.0 = Debug|Any CPU
		{58AF0518-17B6-4001-8622-E0806CDE061C}.Release|Any CPU.ActiveCfg = Release|Any CPU
		{58AF0518-17B6-4001-8622-E0806CDE061C}.Release|Any CPU.Build.0 = Release|Any CPU
	EndGlobalSection
	GlobalSection(SolutionProperties) = preSolution
		HideSolutionNode = FALSE
	EndGlobalSection
	GlobalSection(ExtensibilityGlobals) = postSolution
		SolutionGuid = {28818486-0649-4CDD-BD7B-5519B6526057}
	EndGlobalSection
EndGlobal
